
Microsoft Visual Studio Solution File, Format Version 12.00
# Visual Studio 15
VisualStudioVersion = 15.0.27703.2035
MinimumVisualStudioVersion = 10.0.40219.1
Project("{FAE04EC0-301F-11D3-BF4B-00C04F79EFBC}") = "Explorer", "Explorer\Explorer.csproj", "{2653F6DB-8330-46B4-8EC6-DBD1D500B912}"
EndProject
Project("{FAE04EC0-301F-11D3-BF4B-00C04F79EFBC}") = "Database", "Database\Database.csproj", "{E5F23A85-748E-498E-8E98-F4F97B05B57E}"
EndProject
Project("{FAE04EC0-301F-11D3-BF4B-00C04F79EFBC}") = "QueryRetrieveService", "QueryRetrieveService\QueryRetrieveService.csproj", "{E7730059-785C-41C6-9C01-ADAE92F7D0EC}"
EndProject
Global
	GlobalSection(SolutionConfigurationPlatforms) = preSolution
		Debug|Any CPU = Debug|Any CPU
		Release|Any CPU = Release|Any CPU
	EndGlobalSection
	GlobalSection(ProjectConfigurationPlatforms) = postSolution
		{2653F6DB-8330-46B4-8EC6-DBD1D500B912}.Debug|Any CPU.ActiveCfg = Debug|Any CPU
		{2653F6DB-8330-46B4-8EC6-DBD1D500B912}.Debug|Any CPU.Build.0 = Debug|Any CPU
		{2653F6DB-8330-46B4-8EC6-DBD1D500B912}.Release|Any CPU.ActiveCfg = Release|Any CPU
		{2653F6DB-8330-46B4-8EC6-DBD1D500B912}.Release|Any CPU.Build.0 = Release|Any CPU
		{E5F23A85-748E-498E-8E98-F4F97B05B57E}.Debug|Any CPU.ActiveCfg = Debug|Any CPU
		{E5F23A85-748E-498E-8E98-F4F97B05B57E}.Debug|Any CPU.Build.0 = Debug|Any CPU
		{E5F23A85-748E-498E-8E98-F4F97B05B57E}.Release|Any CPU.ActiveCfg = Release|Any CPU
		{E5F23A85-748E-498E-8E98-F4F97B05B57E}.Release|Any CPU.Build.0 = Release|Any CPU
		{E7730059-785C-41C6-9C01-ADAE92F7D0EC}.Debug|Any CPU.ActiveCfg = Debug|Any CPU
		{E7730059-785C-41C6-9C01-ADAE92F7D0EC}.Debug|Any CPU.Build.0 = Debug|Any CPU
		{E7730059-785C-41C6-9C01-ADAE92F7D0EC}.Release|Any CPU.ActiveCfg = Release|Any CPU
		{E7730059-785C-41C6-9C01-ADAE92F7D0EC}.Release|Any CPU.Build.0 = Release|Any CPU
	EndGlobalSection
	GlobalSection(SolutionProperties) = preSolution
		HideSolutionNode = FALSE
	EndGlobalSection
	GlobalSection(ExtensibilityGlobals) = postSolution
		SolutionGuid = {3E71E987-D24D-47B5-83EF-E9815960AEC2}
	EndGlobalSection
EndGlobal
